
Microsoft Visual Studio Solution File, Format Version 12.00
# Visual Studio Version 17
VisualStudioVersion = 17.11.35312.102
MinimumVisualStudioVersion = 10.0.40219.1
Project("{FAE04EC0-301F-11D3-BF4B-00C04F79EFBC}") = "PortofolioWebsite", "PortofolioWebsite\PortofolioWebsite.csproj", "{9ECCC6DA-121B-44CF-A051-9079D1A0E369}"
EndProject
Global
	GlobalSection(SolutionConfigurationPlatforms) = preSolution
		Debug|Any CPU = Debug|Any CPU
		Release|Any CPU = Release|Any CPU
	EndGlobalSection
	GlobalSection(ProjectConfigurationPlatforms) = postSolution
		{9ECCC6DA-121B-44CF-A051-9079D1A0E369}.Debug|Any CPU.ActiveCfg = Debug|Any CPU
		{9ECCC6DA-121B-44CF-A051-9079D1A0E369}.Debug|Any CPU.Build.0 = Debug|Any CPU
		{9ECCC6DA-121B-44CF-A051-9079D1A0E369}.Release|Any CPU.ActiveCfg = Release|Any CPU
		{9ECCC6DA-121B-44CF-A051-9079D1A0E369}.Release|Any CPU.Build.0 = Release|Any CPU
	EndGlobalSection
	GlobalSection(SolutionProperties) = preSolution
		HideSolutionNode = FALSE
	EndGlobalSection
	GlobalSection(ExtensibilityGlobals) = postSolution
		SolutionGuid = {EA172E70-2CCF-41DF-88C4-93F0F5DE14B2}
	EndGlobalSection
EndGlobal
